PODS:
  - RxCocoa (3.4.1):
    - RxSwift (~> 3.4)
  - RxDataSources (1.0.3):
    - RxCocoa (~> 3.0)
    - RxSwift (~> 3.0)
  - RxOptional (3.1.3):
    - RxCocoa
    - RxSwift
  - RxSwift (3.4.1)
  - RxSwiftUtilities (1.0.0):
    - RxCocoa (~> 3.0)
    - RxSwift (~> 3.0)
  - SwiftDate (4.4.1)

DEPENDENCIES:
  - RxCocoa (= 3.4.1)
  - RxDataSources (= 1.0.3)
  - RxOptional (= 3.1.3)
  - RxSwift (= 3.4.1)
  - RxSwiftUtilities (= 1.0)
  - SwiftDate (= 4.4.1)

SPEC REPOS:
  trunk:
    - RxCocoa
    - RxDataSources
    - RxOptional
    - RxSwift
    - RxSwiftUtilities
    - SwiftDate

SPEC CHECKSUMS:
  RxCocoa: a8a5f1d061d0043e28f56976829f31ce63e8eb09
  RxDataSources: a021a0e944ba5f7991259829d973afdbfa719c0b
  RxOptional: b97b59183af80d1e729ac9e51d09a10be668d6a8
  RxSwift: 656f8fbeca5bc372121a72d9ebdd3cd3bc0ffade
  RxSwiftUtilities: a54ef0c4064ffe022d88c4ba81db35f85b64d765
  SwiftDate: a70a534d4feed03b2a2b575e36bef82dc2286a8d

PODFILE CHECKSUM: 2f61facb4c1d20d2e0a6623d07870c158afd14d1

COCOAPODS: 1.10.0
